
Microsoft Visual Studio Solution File, Format Version 12.00
# Visual Studio Version 16
VisualStudioVersion = 16.0.30330.147
MinimumVisualStudioVersion = 10.0.40219.1
Project("{FAE04EC0-301F-11D3-BF4B-00C04F79EFBC}") = "TaylorsMuic.Data", "TaylorsMuic.Data\TaylorsMuic.Data.csproj", "{B30D311C-1D7F-4C77-8751-F97E519C1918}"
EndProject
Project("{FAE04EC0-301F-11D3-BF4B-00C04F79EFBC}") = "TaylorsMusic", "TaylorsMusic\TaylorsMusic.csproj", "{DAB97153-0428-46D0-AB9A-7E4EEFF3AD56}"
EndProject
Global
	GlobalSection(SolutionConfigurationPlatforms) = preSolution
		Debug|Any CPU = Debug|Any CPU
		Release|Any CPU = Release|Any CPU
	EndGlobalSection
	GlobalSection(ProjectConfigurationPlatforms) = postSolution
		{B30D311C-1D7F-4C77-8751-F97E519C1918}.Debug|Any CPU.ActiveCfg = Debug|Any CPU
		{B30D311C-1D7F-4C77-8751-F97E519C1918}.Debug|Any CPU.Build.0 = Debug|Any CPU
		{B30D311C-1D7F-4C77-8751-F97E519C1918}.Release|Any CPU.ActiveCfg = Release|Any CPU
		{B30D311C-1D7F-4C77-8751-F97E519C1918}.Release|Any CPU.Build.0 = Release|Any CPU
		{DAB97153-0428-46D0-AB9A-7E4EEFF3AD56}.Debug|Any CPU.ActiveCfg = Debug|Any CPU
		{DAB97153-0428-46D0-AB9A-7E4EEFF3AD56}.Debug|Any CPU.Build.0 = Debug|Any CPU
		{DAB97153-0428-46D0-AB9A-7E4EEFF3AD56}.Release|Any CPU.ActiveCfg = Release|Any CPU
		{DAB97153-0428-46D0-AB9A-7E4EEFF3AD56}.Release|Any CPU.Build.0 = Release|Any CPU
	EndGlobalSection
	GlobalSection(SolutionProperties) = preSolution
		HideSolutionNode = FALSE
	EndGlobalSection
	GlobalSection(ExtensibilityGlobals) = postSolution
		SolutionGuid = {FF4E1F66-2BC8-41FA-AAE4-60869E9AC7BE}
	EndGlobalSection
EndGlobal
